// !$*UTF8*$!
{
	archiveVersion = 1;
	classes = {
	};
	objectVersion = 55;
	objects = {

/* Begin PBXBuildFile section */
		2EF1568F29AEE34A0090AED0 /* Trial_SwiftGenApp.swift in Sources */ = {isa = PBXBuildFile; fileRef = 2EF1568E29AEE34A0090AED0 /* Trial_SwiftGenApp.swift */; };
		2EF1569129AEE34A0090AED0 /* ContentView.swift in Sources */ = {isa = PBXBuildFile; fileRef = 2EF1569029AEE34A0090AED0 /* ContentView.swift */; };
		2EF1569329AEE34B0090AED0 /* Assets.xcassets in Resources */ = {isa = PBXBuildFile; fileRef = 2EF1569229AEE34B0090AED0 /* Assets.xcassets */; };
		2EF1569629AEE34B0090AED0 /* Preview Assets.xcassets in Resources */ = {isa = PBXBuildFile; fileRef = 2EF1569529AEE34B0090AED0 /* Preview Assets.xcassets */; };
		2EF156A029AEE34C0090AED0 /* Trial_SwiftGenTests.swift in Sources */ = {isa = PBXBuildFile; fileRef = 2EF1569F29AEE34C0090AED0 /* Trial_SwiftGenTests.swift */; };
		2EF156AA29AEE34C0090AED0 /* Trial_SwiftGenUITests.swift in Sources */ = {isa = PBXBuildFile; fileRef = 2EF156A929AEE34C0090AED0 /* Trial_SwiftGenUITests.swift */; };
		2EF156AC29AEE34C0090AED0 /* Trial_SwiftGenUITestsLaunchTests.swift in Sources */ = {isa = PBXBuildFile; fileRef = 2EF156AB29AEE34C0090AED0 /* Trial_SwiftGenUITestsLaunchTests.swift */; };
/* End PBXBuildFile section */

/* Begin PBXContainerItemProxy section */
		2EF1569C29AEE34C0090AED0 /* PBXContainerItemProxy */ = {
			isa = PBXContainerItemProxy;
			containerPortal = 2EF1568329AEE34A0090AED0 /* Project object */;
			proxyType = 1;
			remoteGlobalIDString = 2EF1568A29AEE34A0090AED0;
			remoteInfo = "Trial-SwiftGen";
		};
		2EF156A629AEE34C0090AED0 /* PBXContainerItemProxy */ = {
			isa = PBXContainerItemProxy;
			containerPortal = 2EF1568329AEE34A0090AED0 /* Project object */;
			proxyType = 1;
			remoteGlobalIDString = 2EF1568A29AEE34A0090AED0;
			remoteInfo = "Trial-SwiftGen";
		};
/* End PBXContainerItemProxy section */

/* Begin PBXFileReference section */
		2EF1568B29AEE34A0090AED0 /* Trial-SwiftGen.app */ = {isa = PBXFileReference; explicitFileType = wrapper.application; includeInIndex = 0; path = "Trial-SwiftGen.app"; sourceTree = BUILT_PRODUCTS_DIR; };
		2EF1568E29AEE34A0090AED0 /* Trial_SwiftGenApp.swift */ = {isa = PBXFileReference; lastKnownFileType = sourcecode.swift; path = Trial_SwiftGenApp.swift; sourceTree = "<group>"; };
		2EF1569029AEE34A0090AED0 /* ContentView.swift */ = {isa = PBXFileReference; lastKnownFileType = sourcecode.swift; path = ContentView.swift; sourceTree = "<group>"; };
		2EF1569229AEE34B0090AED0 /* Assets.xcassets */ = {isa = PBXFileReference; lastKnownFileType = folder.assetcatalog; path = Assets.xcassets; sourceTree = "<group>"; };
		2EF1569529AEE34B0090AED0 /* Preview Assets.xcassets */ = {isa = PBXFileReference; lastKnownFileType = folder.assetcatalog; path = "Preview Assets.xcassets"; sourceTree = "<group>"; };
		2EF1569B29AEE34C0090AED0 /* Trial-SwiftGenTests.xctest */ = {isa = PBXFileReference; explicitFileType = wrapper.cfbundle; includeInIndex = 0; path = "Trial-SwiftGenTests.xctest"; sourceTree = BUILT_PRODUCTS_DIR; };
		2EF1569F29AEE34C0090AED0 /* Trial_SwiftGenTests.swift */ = {isa = PBXFileReference; lastKnownFileType = sourcecode.swift; path = Trial_SwiftGenTests.swift; sourceTree = "<group>"; };
		2EF156A529AEE34C0090AED0 /* Trial-SwiftGenUITests.xctest */ = {isa = PBXFileReference; explicitFileType = wrapper.cfbundle; includeInIndex = 0; path = "Trial-SwiftGenUITests.xctest"; sourceTree = BUILT_PRODUCTS_DIR; };
		2EF156A929AEE34C0090AED0 /* Trial_SwiftGenUITests.swift */ = {isa = PBXFileReference; lastKnownFileType = sourcecode.swift; path = Trial_SwiftGenUITests.swift; sourceTree = "<group>"; };
		2EF156AB29AEE34C0090AED0 /* Trial_SwiftGenUITestsLaunchTests.swift */ = {isa = PBXFileReference; lastKnownFileType = sourcecode.swift; path = Trial_SwiftGenUITestsLaunchTests.swift; sourceTree = "<group>"; };
/* End PBXFileReference section */

/* Begin PBXFrameworksBuildPhase section */
		2EF1568829AEE34A0090AED0 /* Frameworks */ = {
			isa = PBXFrameworksBuildPhase;
			buildActionMask = 2147483647;
			files = (
			);
			runOnlyForDeploymentPostprocessing = 0;
		};
		2EF1569829AEE34C0090AED0 /* Frameworks */ = {
			isa = PBXFrameworksBuildPhase;
			buildActionMask = 2147483647;
			files = (
			);
			runOnlyForDeploymentPostprocessing = 0;
		};
		2EF156A229AEE34C0090AED0 /* Frameworks */ = {
			isa = PBXFrameworksBuildPhase;
			buildActionMask = 2147483647;
			files = (
			);
			runOnlyForDeploymentPostprocessing = 0;
		};
/* End PBXFrameworksBuildPhase section */

/* Begin PBXGroup section */
		2EF1568229AEE34A0090AED0 = {
			isa = PBXGroup;
			children = (
				2EF1568D29AEE34A0090AED0 /* Trial-SwiftGen */,
				2EF1569E29AEE34C0090AED0 /* Trial-SwiftGenTests */,
				2EF156A829AEE34C0090AED0 /* Trial-SwiftGenUITests */,
				2EF1568C29AEE34A0090AED0 /* Products */,
			);
			sourceTree = "<group>";
		};
		2EF1568C29AEE34A0090AED0 /* Products */ = {
			isa = PBXGroup;
			children = (
				2EF1568B29AEE34A0090AED0 /* Trial-SwiftGen.app */,
				2EF1569B29AEE34C0090AED0 /* Trial-SwiftGenTests.xctest */,
				2EF156A529AEE34C0090AED0 /* Trial-SwiftGenUITests.xctest */,
			);
			name = Products;
			sourceTree = "<group>";
		};
		2EF1568D29AEE34A0090AED0 /* Trial-SwiftGen */ = {
			isa = PBXGroup;
			children = (
				2EF1568E29AEE34A0090AED0 /* Trial_SwiftGenApp.swift */,
				2EF1569029AEE34A0090AED0 /* ContentView.swift */,
				2EF1569229AEE34B0090AED0 /* Assets.xcassets */,
				2EF1569429AEE34B0090AED0 /* Preview Content */,
			);
			path = "Trial-SwiftGen";
			sourceTree = "<group>";
		};
		2EF1569429AEE34B0090AED0 /* Preview Content */ = {
			isa = PBXGroup;
			children = (
				2EF1569529AEE34B0090AED0 /* Preview Assets.xcassets */,
			);
			path = "Preview Content";
			sourceTree = "<group>";
		};
		2EF1569E29AEE34C0090AED0 /* Trial-SwiftGenTests */ = {
			isa = PBXGroup;
			children = (
				2EF1569F29AEE34C0090AED0 /* Trial_SwiftGenTests.swift */,
			);
			path = "Trial-SwiftGenTests";
			sourceTree = "<group>";
		};
		2EF156A829AEE34C0090AED0 /* Trial-SwiftGenUITests */ = {
			isa = PBXGroup;
			children = (
				2EF156A929AEE34C0090AED0 /* Trial_SwiftGenUITests.swift */,
				2EF156AB29AEE34C0090AED0 /* Trial_SwiftGenUITestsLaunchTests.swift */,
			);
			path = "Trial-SwiftGenUITests";
			sourceTree = "<group>";
		};
/* End PBXGroup section */

/* Begin PBXNativeTarget section */
		2EF1568A29AEE34A0090AED0 /* Trial-SwiftGen */ = {
			isa = PBXNativeTarget;
			buildConfigurationList = 2EF156AF29AEE34C0090AED0 /* Build configuration list for PBXNativeTarget "Trial-SwiftGen" */;
			buildPhases = (
				2EF1568729AEE34A0090AED0 /* Sources */,
				2EF1568829AEE34A0090AED0 /* Frameworks */,
				2EF1568929AEE34A0090AED0 /* Resources */,
			);
			buildRules = (
			);
			dependencies = (
			);
			name = "Trial-SwiftGen";
			productName = "Trial-SwiftGen";
			productReference = 2EF1568B29AEE34A0090AED0 /* Trial-SwiftGen.app */;
			productType = "com.apple.product-type.application";
		};
		2EF1569A29AEE34C0090AED0 /* Trial-SwiftGenTests */ = {
			isa = PBXNativeTarget;
			buildConfigurationList = 2EF156B229AEE34C0090AED0 /* Build configuration list for PBXNativeTarget "Trial-SwiftGenTests" */;
			buildPhases = (
				2EF1569729AEE34C0090AED0 /* Sources */,
				2EF1569829AEE34C0090AED0 /* Frameworks */,
				2EF1569929AEE34C0090AED0 /* Resources */,
			);
			buildRules = (
			);
			dependencies = (
				2EF1569D29AEE34C0090AED0 /* PBXTargetDependency */,
			);
			name = "Trial-SwiftGenTests";
			productName = "Trial-SwiftGenTests";
			productReference = 2EF1569B29AEE34C0090AED0 /* Trial-SwiftGenTests.xctest */;
			productType = "com.apple.product-type.bundle.unit-test";
		};
		2EF156A429AEE34C0090AED0 /* Trial-SwiftGenUITests */ = {
			isa = PBXNativeTarget;
			buildConfigurationList = 2EF156B529AEE34C0090AED0 /* Build configuration list for PBXNativeTarget "Trial-SwiftGenUITests" */;
			buildPhases = (
				2EF156A129AEE34C0090AED0 /* Sources */,
				2EF156A229AEE34C0090AED0 /* Frameworks */,
				2EF156A329AEE34C0090AED0 /* Resources */,
			);
			buildRules = (
			);
			dependencies = (
				2EF156A729AEE34C0090AED0 /* PBXTargetDependency */,
			);
			name = "Trial-SwiftGenUITests";
			productName = "Trial-SwiftGenUITests";
			productReference = 2EF156A529AEE34C0090AED0 /* Trial-SwiftGenUITests.xctest */;
			productType = "com.apple.product-type.bundle.ui-testing";
		};
/* End PBXNativeTarget section */

/* Begin PBXProject section */
		2EF1568329AEE34A0090AED0 /* Project object */ = {
			isa = PBXProject;
			attributes = {
				BuildIndependentTargetsInParallel = 1;
				LastSwiftUpdateCheck = 1340;
				LastUpgradeCheck = 1340;
				TargetAttributes = {
					2EF1568A29AEE34A0090AED0 = {
						CreatedOnToolsVersion = 13.4.1;
					};
					2EF1569A29AEE34C0090AED0 = {
						CreatedOnToolsVersion = 13.4.1;
						TestTargetID = 2EF1568A29AEE34A0090AED0;
					};
					2EF156A429AEE34C0090AED0 = {
						CreatedOnToolsVersion = 13.4.1;
						TestTargetID = 2EF1568A29AEE34A0090AED0;
					};
				};
			};
			buildConfigurationList = 2EF1568629AEE34A0090AED0 /* Build configuration list for PBXProject "Trial-SwiftGen" */;
			compatibilityVersion = "Xcode 13.0";
			developmentRegion = en;
			hasScannedForEncodings = 0;
			knownRegions = (
				en,
				Base,
			);
			mainGroup = 2EF1568229AEE34A0090AED0;
			productRefGroup = 2EF1568C29AEE34A0090AED0 /* Products */;
			projectDirPath = "";
			projectRoot = "";
			targets = (
				2EF1568A29AEE34A0090AED0 /* Trial-SwiftGen */,
				2EF1569A29AEE34C0090AED0 /* Trial-SwiftGenTests */,
				2EF156A429AEE34C0090AED0 /* Trial-SwiftGenUITests */,
			);
		};
/* End PBXProject section */

/* Begin PBXResourcesBuildPhase section */
		2EF1568929AEE34A0090AED0 /* Resources */ = {
			isa = PBXResourcesBuildPhase;
			buildActionMask = 2147483647;
			files = (
				2EF1569629AEE34B0090AED0 /* Preview Assets.xcassets in Resources */,
				2EF1569329AEE34B0090AED0 /* Assets.xcassets in Resources */,
			);
			runOnlyForDeploymentPostprocessing = 0;
		};
		2EF1569929AEE34C0090AED0 /* Resources */ = {
			isa = PBXResourcesBuildPhase;
			buildActionMask = 2147483647;
			files = (
			);
			runOnlyForDeploymentPostprocessing = 0;
		};
		2EF156A329AEE34C0090AED0 /* Resources */ = {
			isa = PBXResourcesBuildPhase;
			buildActionMask = 2147483647;
			files = (
			);
			runOnlyForDeploymentPostprocessing = 0;
		};
/* End PBXResourcesBuildPhase section */

/* Begin PBXSourcesBuildPhase section */
		2EF1568729AEE34A0090AED0 /* Sources */ = {
			isa = PBXSourcesBuildPhase;
			buildActionMask = 2147483647;
			files = (
				2EF1569129AEE34A0090AED0 /* ContentView.swift in Sources */,
				2EF1568F29AEE34A0090AED0 /* Trial_SwiftGenApp.swift in Sources */,
			);
			runOnlyForDeploymentPostprocessing = 0;
		};
		2EF1569729AEE34C0090AED0 /* Sources */ = {
			isa = PBXSourcesBuildPhase;
			buildActionMask = 2147483647;
			files = (
				2EF156A029AEE34C0090AED0 /* Trial_SwiftGenTests.swift in Sources */,
			);
			runOnlyForDeploymentPostprocessing = 0;
		};
		2EF156A129AEE34C0090AED0 /* Sources */ = {
			isa = PBXSourcesBuildPhase;
			buildActionMask = 2147483647;
			files = (
				2EF156AC29AEE34C0090AED0 /* Trial_SwiftGenUITestsLaunchTests.swift in Sources */,
				2EF156AA29AEE34C0090AED0 /* Trial_SwiftGenUITests.swift in Sources */,
			);
			runOnlyForDeploymentPostprocessing = 0;
		};
/* End PBXSourcesBuildPhase section */

/* Begin PBXTargetDependency section */
		2EF1569D29AEE34C0090AED0 /* PBXTargetDependency */ = {
			isa = PBXTargetDependency;
			target = 2EF1568A29AEE34A0090AED0 /* Trial-SwiftGen */;
			targetProxy = 2EF1569C29AEE34C0090AED0 /* PBXContainerItemProxy */;
		};
		2EF156A729AEE34C0090AED0 /* PBXTargetDependency */ = {
			isa = PBXTargetDependency;
			target = 2EF1568A29AEE34A0090AED0 /* Trial-SwiftGen */;
			targetProxy = 2EF156A629AEE34C0090AED0 /* PBXContainerItemProxy */;
		};
/* End PBXTargetDependency section */

/* Begin XCBuildConfiguration section */
		2EF156AD29AEE34C0090AED0 /* Debug */ = {
			isa = XCBuildConfiguration;
			buildSettings = {
				ALWAYS_SEARCH_USER_PATHS = NO;
				CLANG_ANALYZER_NONNULL = YES;
				CLANG_ANALYZER_NUMBER_OBJECT_CONVERSION = YES_AGGRESSIVE;
				CLANG_CXX_LANGUAGE_STANDARD = "gnu++17";
				CLANG_ENABLE_MODULES = YES;
				CLANG_ENABLE_OBJC_ARC = YES;
				CLANG_ENABLE_OBJC_WEAK = YES;
				CLANG_WARN_BLOCK_CAPTURE_AUTORELEASING = YES;
				CLANG_WARN_BOOL_CONVERSION = YES;
				CLANG_WARN_COMMA = YES;
				CLANG_WARN_CONSTANT_CONVERSION = YES;
				CLANG_WARN_DEPRECATED_OBJC_IMPLEMENTATIONS = YES;
				CLANG_WARN_DIRECT_OBJC_ISA_USAGE = YES_ERROR;
				CLANG_WARN_DOCUMENTATION_COMMENTS = YES;
				CLANG_WARN_EMPTY_BODY = YES;
				CLANG_WARN_ENUM_CONVERSION = YES;
				CLANG_WARN_INFINITE_RECURSION = YES;
				CLANG_WARN_INT_CONVERSION = YES;
				CLANG_WARN_NON_LITERAL_NULL_CONVERSION = YES;
				CLANG_WARN_OBJC_IMPLICIT_RETAIN_SELF = YES;
				CLANG_WARN_OBJC_LITERAL_CONVERSION = YES;
				CLANG_WARN_OBJC_ROOT_CLASS = YES_ERROR;
				CLANG_WARN_QUOTED_INCLUDE_IN_FRAMEWORK_HEADER = YES;
				CLANG_WARN_RANGE_LOOP_ANALYSIS = YES;
				CLANG_WARN_STRICT_PROTOTYPES = YES;
				CLANG_WARN_SUSPICIOUS_MOVE = YES;
				CLANG_WARN_UNGUARDED_AVAILABILITY = YES_AGGRESSIVE;
				CLANG_WARN_UNREACHABLE_CODE = YES;
				CLANG_WARN__DUPLICATE_METHOD_MATCH = YES;
				COPY_PHASE_STRIP = NO;
				DEBUG_INFORMATION_FORMAT = dwarf;
				ENABLE_STRICT_OBJC_MSGSEND = YES;
				ENABLE_TESTABILITY = YES;
				GCC_C_LANGUAGE_STANDARD = gnu11;
				GCC_DYNAMIC_NO_PIC = NO;
				GCC_NO_COMMON_BLOCKS = YES;
				GCC_OPTIMIZATION_LEVEL = 0;
				GCC_PREPROCESSOR_DEFINITIONS = (
					"DEBUG=1",
					"$(inherited)",
				);
				GCC_WARN_64_TO_32_BIT_CONVERSION = YES;
				GCC_WARN_ABOUT_RETURN_TYPE = YES_ERROR;
				GCC_WARN_UNDECLARED_SELECTOR = YES;
				GCC_WARN_UNINITIALIZED_AUTOS = YES_AGGRESSIVE;
				GCC_WARN_UNUSED_FUNCTION = YES;
				GCC_WARN_UNUSED_VARIABLE = YES;
				IPHONEOS_DEPLOYMENT_TARGET = 15.5;
				MTL_ENABLE_DEBUG_INFO = INCLUDE_SOURCE;
				MTL_FAST_MATH = YES;
				ONLY_ACTIVE_ARCH = YES;
				SDKROOT = iphoneos;
				SWIFT_ACTIVE_COMPILATION_CONDITIONS = DEBUG;
				SWIFT_OPTIMIZATION_LEVEL = "-Onone";
			};
			name = Debug;
		};
		2EF156AE29AEE34C0090AED0 /* Release */ = {
			isa = XCBuildConfiguration;
			buildSettings = {
				ALWAYS_SEARCH_USER_PATHS = NO;
				CLANG_ANALYZER_NONNULL = YES;
				CLANG_ANALYZER_NUMBER_OBJECT_CONVERSION = YES_AGGRESSIVE;
				CLANG_CXX_LANGUAGE_STANDARD = "gnu++17";
				CLANG_ENABLE_MODULES = YES;
				CLANG_ENABLE_OBJC_ARC = YES;
				CLANG_ENABLE_OBJC_WEAK = YES;
				CLANG_WARN_BLOCK_CAPTURE_AUTORELEASING = YES;
				CLANG_WARN_BOOL_CONVERSION = YES;
				CLANG_WARN_COMMA = YES;
				CLANG_WARN_CONSTANT_CONVERSION = YES;
				CLANG_WARN_DEPRECATED_OBJC_IMPLEMENTATIONS = YES;
				CLANG_WARN_DIRECT_OBJC_ISA_USAGE = YES_ERROR;
				CLANG_WARN_DOCUMENTATION_COMMENTS = YES;
				CLANG_WARN_EMPTY_BODY = YES;
				CLANG_WARN_ENUM_CONVERSION = YES;
				CLANG_WARN_INFINITE_RECURSION = YES;
				CLANG_WARN_INT_CONVERSION = YES;
				CLANG_WARN_NON_LITERAL_NULL_CONVERSION = YES;
				CLANG_WARN_OBJC_IMPLICIT_RETAIN_SELF = YES;
				CLANG_WARN_OBJC_LITERAL_CONVERSION = YES;
				CLANG_WARN_OBJC_ROOT_CLASS = YES_ERROR;
				CLANG_WARN_QUOTED_INCLUDE_IN_FRAMEWORK_HEADER = YES;
				CLANG_WARN_RANGE_LOOP_ANALYSIS = YES;
				CLANG_WARN_STRICT_PROTOTYPES = YES;
				CLANG_WARN_SUSPICIOUS_MOVE = YES;
				CLANG_WARN_UNGUARDED_AVAILABILITY = YES_AGGRESSIVE;
				CLANG_WARN_UNREACHABLE_CODE = YES;
				CLANG_WARN__DUPLICATE_METHOD_MATCH = YES;
				COPY_PHASE_STRIP = NO;
				DEBUG_INFORMATION_FORMAT = "dwarf-with-dsym";
				ENABLE_NS_ASSERTIONS = NO;
				ENABLE_STRICT_OBJC_MSGSEND = YES;
				GCC_C_LANGUAGE_STANDARD = gnu11;
				GCC_NO_COMMON_BLOCKS = YES;
				GCC_WARN_64_TO_32_BIT_CONVERSION = YES;
				GCC_WARN_ABOUT_RETURN_TYPE = YES_ERROR;
				GCC_WARN_UNDECLARED_SELECTOR = YES;
				GCC_WARN_UNINITIALIZED_AUTOS = YES_AGGRESSIVE;
				GCC_WARN_UNUSED_FUNCTION = YES;
				GCC_WARN_UNUSED_VARIABLE = YES;
				IPHONEOS_DEPLOYMENT_TARGET = 15.5;
				MTL_ENABLE_DEBUG_INFO = NO;
				MTL_FAST_MATH = YES;
				SDKROOT = iphoneos;
				SWIFT_COMPILATION_MODE = wholemodule;
				SWIFT_OPTIMIZATION_LEVEL = "-O";
				VALIDATE_PRODUCT = YES;
			};
			name = Release;
		};
		2EF156B029AEE34C0090AED0 /* Debug */ = {
			isa = XCBuildConfiguration;
			buildSettings = {
				ASSETCATALOG_COMPILER_APPICON_NAME = AppIcon;
				ASSETCATALOG_COMPILER_GLOBAL_ACCENT_COLOR_NAME = AccentColor;
				CODE_SIGN_STYLE = Automatic;
				CURRENT_PROJECT_VERSION = 1;
				DEVELOPMENT_ASSET_PATHS = "\"Trial-SwiftGen/Preview Content\"";
				DEVELOPMENT_TEAM = JVNZP4D2FU;
				ENABLE_PREVIEWS = YES;
				GENERATE_INFOPLIST_FILE = YES;
				INFOPLIST_KEY_UIApplicationSceneManifest_Generation = YES;
				INFOPLIST_KEY_UIApplicationSupportsIndirectInputEvents = YES;
				INFOPLIST_KEY_UILaunchScreen_Generation = YES;
				INFOPLIST_KEY_UISupportedInterfaceOrientations_iPad = "UIInterfaceOrientationPortrait UIInterfaceOrientationPortraitUpsideDown UIInterfaceOrientationLandscapeLeft UIInterfaceOrientationLandscapeRight";
				INFOPLIST_KEY_UISupportedInterfaceOrientations_iPhone = "UIInterfaceOrientationPortrait UIInterfaceOrientationLandscapeLeft UIInterfaceOrientationLandscapeRight";
				LD_RUNPATH_SEARCH_PATHS = (
					"$(inherited)",
					"@executable_path/Frameworks",
				);
				MARKETING_VERSION = 1.0;
				PRODUCT_BUNDLE_IDENTIFIER = "com.Trial-SwiftGen";
				PRODUCT_NAME = "$(TARGET_NAME)";
				SWIFT_EMIT_LOC_STRINGS = YES;
				SWIFT_VERSION = 5.0;
				TARGETED_DEVICE_FAMILY = "1,2";
			};
			name = Debug;
		};
		2EF156B129AEE34C0090AED0 /* Release */ = {
			isa = XCBuildConfiguration;
			buildSettings = {
				ASSETCATALOG_COMPILER_APPICON_NAME = AppIcon;
				ASSETCATALOG_COMPILER_GLOBAL_ACCENT_COLOR_NAME = AccentColor;
				CODE_SIGN_STYLE = Automatic;
				CURRENT_PROJECT_VERSION = 1;
				DEVELOPMENT_ASSET_PATHS = "\"Trial-SwiftGen/Preview Content\"";
				DEVELOPMENT_TEAM = JVNZP4D2FU;
				ENABLE_PREVIEWS = YES;
				GENERATE_INFOPLIST_FILE = YES;
				INFOPLIST_KEY_UIApplicationSceneManifest_Generation = YES;
				INFOPLIST_KEY_UIApplicationSupportsIndirectInputEvents = YES;
				INFOPLIST_KEY_UILaunchScreen_Generation = YES;
				INFOPLIST_KEY_UISupportedInterfaceOrientations_iPad = "UIInterfaceOrientationPortrait UIInterfaceOrientationPortraitUpsideDown UIInterfaceOrientationLandscapeLeft UIInterfaceOrientationLandscapeRight";
				INFOPLIST_KEY_UISupportedInterfaceOrientations_iPhone = "UIInterfaceOrientationPortrait UIInterfaceOrientationLandscapeLeft UIInterfaceOrientationLandscapeRight";
				LD_RUNPATH_SEARCH_PATHS = (
					"$(inherited)",
					"@executable_path/Frameworks",
				);
				MARKETING_VERSION = 1.0;
				PRODUCT_BUNDLE_IDENTIFIER = "com.Trial-SwiftGen";
				PRODUCT_NAME = "$(TARGET_NAME)";
				SWIFT_EMIT_LOC_STRINGS = YES;
				SWIFT_VERSION = 5.0;
				TARGETED_DEVICE_FAMILY = "1,2";
			};
			name = Release;
		};
		2EF156B329AEE34C0090AED0 /* Debug */ = {
			isa = XCBuildConfiguration;
			buildSettings = {
				ALWAYS_EMBED_SWIFT_STANDARD_LIBRARIES = YES;
				BUNDLE_LOADER = "$(TEST_HOST)";
				CODE_SIGN_STYLE = Automatic;
				CURRENT_PROJECT_VERSION = 1;
				DEVELOPMENT_TEAM = JVNZP4D2FU;
				GENERATE_INFOPLIST_FILE = YES;
				IPHONEOS_DEPLOYMENT_TARGET = 15.5;
				MARKETING_VERSION = 1.0;
				PRODUCT_BUNDLE_IDENTIFIER = "com.Trial-SwiftGenTests";
				PRODUCT_NAME = "$(TARGET_NAME)";
				SWIFT_EMIT_LOC_STRINGS = NO;
				SWIFT_VERSION = 5.0;
				TARGETED_DEVICE_FAMILY = "1,2";
				TEST_HOST = "$(BUILT_PRODUCTS_DIR)/Trial-SwiftGen.app/Trial-SwiftGen";
			};
			name = Debug;
		};
		2EF156B429AEE34C0090AED0 /* Release */ = {
			isa = XCBuildConfiguration;
			buildSettings = {
				ALWAYS_EMBED_SWIFT_STANDARD_LIBRARIES = YES;
				BUNDLE_LOADER = "$(TEST_HOST)";
				CODE_SIGN_STYLE = Automatic;
				CURRENT_PROJECT_VERSION = 1;
				DEVELOPMENT_TEAM = JVNZP4D2FU;
				GENERATE_INFOPLIST_FILE = YES;
				IPHONEOS_DEPLOYMENT_TARGET = 15.5;
				MARKETING_VERSION = 1.0;
				PRODUCT_BUNDLE_IDENTIFIER = "com.Trial-SwiftGenTests";
				PRODUCT_NAME = "$(TARGET_NAME)";
				SWIFT_EMIT_LOC_STRINGS = NO;
				SWIFT_VERSION = 5.0;
				TARGETED_DEVICE_FAMILY = "1,2";
				TEST_HOST = "$(BUILT_PRODUCTS_DIR)/Trial-SwiftGen.app/Trial-SwiftGen";
			};
			name = Release;
		};
		2EF156B629AEE34C0090AED0 /* Debug */ = {
			isa = XCBuildConfiguration;
			buildSettings = {
				ALWAYS_EMBED_SWIFT_STANDARD_LIBRARIES = YES;
				CODE_SIGN_STYLE = Automatic;
				CURRENT_PROJECT_VERSION = 1;
				DEVELOPMENT_TEAM = JVNZP4D2FU;
				GENERATE_INFOPLIST_FILE = YES;
				MARKETING_VERSION = 1.0;
				PRODUCT_BUNDLE_IDENTIFIER = "com.Trial-SwiftGenUITests";
				PRODUCT_NAME = "$(TARGET_NAME)";
				SWIFT_EMIT_LOC_STRINGS = NO;
				SWIFT_VERSION = 5.0;
				TARGETED_DEVICE_FAMILY = "1,2";
				TEST_TARGET_NAME = "Trial-SwiftGen";
			};
			name = Debug;
		};
		2EF156B729AEE34C0090AED0 /* Release */ = {
			isa = XCBuildConfiguration;
			buildSettings = {
				ALWAYS_EMBED_SWIFT_STANDARD_LIBRARIES = YES;
				CODE_SIGN_STYLE = Automatic;
				CURRENT_PROJECT_VERSION = 1;
				DEVELOPMENT_TEAM = JVNZP4D2FU;
				GENERATE_INFOPLIST_FILE = YES;
				MARKETING_VERSION = 1.0;
				PRODUCT_BUNDLE_IDENTIFIER = "com.Trial-SwiftGenUITests";
				PRODUCT_NAME = "$(TARGET_NAME)";
				SWIFT_EMIT_LOC_STRINGS = NO;
				SWIFT_VERSION = 5.0;
				TARGETED_DEVICE_FAMILY = "1,2";
				TEST_TARGET_NAME = "Trial-SwiftGen";
			};
			name = Release;
		};
/* End XCBuildConfiguration section */

/* Begin XCConfigurationList section */
		2EF1568629AEE34A0090AED0 /* Build configuration list for PBXProject "Trial-SwiftGen" */ = {
			isa = XCConfigurationList;
			buildConfigurations = (
				2EF156AD29AEE34C0090AED0 /* Debug */,
				2EF156AE29AEE34C0090AED0 /* Release */,
			);
			defaultConfigurationIsVisible = 0;
			defaultConfigurationName = Release;
		};
		2EF156AF29AEE34C0090AED0 /* Build configuration list for PBXNativeTarget "Trial-SwiftGen" */ = {
			isa = XCConfigurationList;
			buildConfigurations = (
				2EF156B029AEE34C0090AED0 /* Debug */,
				2EF156B129AEE34C0090AED0 /* Release */,
			);
			defaultConfigurationIsVisible = 0;
			defaultConfigurationName = Release;
		};
		2EF156B229AEE34C0090AED0 /* Build configuration list for PBXNativeTarget "Trial-SwiftGenTests" */ = {
			isa = XCConfigurationList;
			buildConfigurations = (
				2EF156B329AEE34C0090AED0 /* Debug */,
				2EF156B429AEE34C0090AED0 /* Release */,
			);
			defaultConfigurationIsVisible = 0;
			defaultConfigurationName = Release;
		};
		2EF156B529AEE34C0090AED0 /* Build configuration list for PBXNativeTarget "Trial-SwiftGenUITests" */ = {
			isa = XCConfigurationList;
			buildConfigurations = (
				2EF156B629AEE34C0090AED0 /* Debug */,
				2EF156B729AEE34C0090AED0 /* Release */,
			);
			defaultConfigurationIsVisible = 0;
			defaultConfigurationName = Release;
		};
/* End XCConfigurationList section */
	};
	rootObject = 2EF1568329AEE34A0090AED0 /* Project object */;
}
